
Microsoft Visual Studio Solution File, Format Version 12.00
# Visual Studio Version 17
VisualStudioVersion = 17.0.32112.339
MinimumVisualStudioVersion = 10.0.40219.1
Project("{D954291E-2A0B-460D-934E-DC6B0785DB48}") = "InlineTimePicker.Shared", "InlineTimePicker\InlineTimePicker.Shared\InlineTimePicker.Shared.shproj", "{6279C845-92F8-4333-AB99-3D213163593C}"
EndProject
Project("{2150E333-8FDC-42A3-9474-1A3956D46DE8}") = "Platforms", "Platforms", "{99403ACC-540B-47E9-8157-4E4573DF89D0}"
EndProject
Project("{FAE04EC0-301F-11D3-BF4B-00C04F79EFBC}") = "InlineTimePicker.UWP", "InlineTimePicker\InlineTimePicker.UWP\InlineTimePicker.UWP.csproj", "{16037087-D489-4859-BB08-180728ADD12F}"
EndProject
Project("{FAE04EC0-301F-11D3-BF4B-00C04F79EFBC}") = "InlineTimePicker.Wasm", "InlineTimePicker\InlineTimePicker.Wasm\InlineTimePicker.Wasm.csproj", "{B127E836-648E-410C-A748-DE7D95D884EF}"
EndProject
Global
	GlobalSection(SharedMSBuildProjectFiles) = preSolution
		InlineTimePicker\InlineTimePicker.Shared\InlineTimePicker.Shared.projitems*{16037087-d489-4859-bb08-180728add12f}*SharedItemsImports = 4
		InlineTimePicker\InlineTimePicker.Shared\InlineTimePicker.Shared.projitems*{6279c845-92f8-4333-ab99-3d213163593c}*SharedItemsImports = 13
		InlineTimePicker\InlineTimePicker.Shared\InlineTimePicker.Shared.projitems*{b127e836-648e-410c-a748-de7d95d884ef}*SharedItemsImports = 5
	EndGlobalSection
	GlobalSection(SolutionConfigurationPlatforms) = preSolution
		Ad-Hoc|Any CPU = Ad-Hoc|Any CPU
		Ad-Hoc|ARM = Ad-Hoc|ARM
		Ad-Hoc|ARM64 = Ad-Hoc|ARM64
		Ad-Hoc|iPhone = Ad-Hoc|iPhone
		Ad-Hoc|iPhoneSimulator = Ad-Hoc|iPhoneSimulator
		Ad-Hoc|x64 = Ad-Hoc|x64
		Ad-Hoc|x86 = Ad-Hoc|x86
		AppStore|Any CPU = AppStore|Any CPU
		AppStore|ARM = AppStore|ARM
		AppStore|ARM64 = AppStore|ARM64
		AppStore|iPhone = AppStore|iPhone
		AppStore|iPhoneSimulator = AppStore|iPhoneSimulator
		AppStore|x64 = AppStore|x64
		AppStore|x86 = AppStore|x86
		Debug|Any CPU = Debug|Any CPU
		Debug|ARM = Debug|ARM
		Debug|ARM64 = Debug|ARM64
		Debug|iPhone = Debug|iPhone
		Debug|iPhoneSimulator = Debug|iPhoneSimulator
		Debug|x64 = Debug|x64
		Debug|x86 = Debug|x86
		Release|Any CPU = Release|Any CPU
		Release|ARM = Release|ARM
		Release|ARM64 = Release|ARM64
		Release|iPhone = Release|iPhone
		Release|iPhoneSimulator = Release|iPhoneSimulator
		Release|x64 = Release|x64
		Release|x86 = Release|x86
	EndGlobalSection
	GlobalSection(ProjectConfigurationPlatforms) = postSolution
		{16037087-D489-4859-BB08-180728ADD12F}.Ad-Hoc|Any CPU.ActiveCfg = Debug|x86
		{16037087-D489-4859-BB08-180728ADD12F}.Ad-Hoc|Any CPU.Build.0 = Debug|x86
		{16037087-D489-4859-BB08-180728ADD12F}.Ad-Hoc|Any CPU.Deploy.0 = Debug|x86
		{16037087-D489-4859-BB08-180728ADD12F}.Ad-Hoc|ARM.ActiveCfg = Debug|ARM
		{16037087-D489-4859-BB08-180728ADD12F}.Ad-Hoc|ARM.Build.0 = Debug|ARM
		{16037087-D489-4859-BB08-180728ADD12F}.Ad-Hoc|ARM.Deploy.0 = Debug|ARM
		{16037087-D489-4859-BB08-180728ADD12F}.Ad-Hoc|ARM64.ActiveCfg = Debug|ARM64
		{16037087-D489-4859-BB08-180728ADD12F}.Ad-Hoc|ARM64.Build.0 = Debug|ARM64
		{16037087-D489-4859-BB08-180728ADD12F}.Ad-Hoc|ARM64.Deploy.0 = Debug|ARM64
		{16037087-D489-4859-BB08-180728ADD12F}.Ad-Hoc|iPhone.ActiveCfg = Debug|x86
		{16037087-D489-4859-BB08-180728ADD12F}.Ad-Hoc|iPhone.Build.0 = Debug|x86
		{16037087-D489-4859-BB08-180728ADD12F}.Ad-Hoc|iPhone.Deploy.0 = Debug|x86
		{16037087-D489-4859-BB08-180728ADD12F}.Ad-Hoc|iPhoneSimulator.ActiveCfg = Debug|x86
		{16037087-D489-4859-BB08-180728ADD12F}.Ad-Hoc|iPhoneSimulator.Build.0 = Debug|x86
		{16037087-D489-4859-BB08-180728ADD12F}.Ad-Hoc|iPhoneSimulator.Deploy.0 = Debug|x86
		{16037087-D489-4859-BB08-180728ADD12F}.Ad-Hoc|x64.ActiveCfg = Debug|x64
		{16037087-D489-4859-BB08-180728ADD12F}.Ad-Hoc|x64.Build.0 = Debug|x64
		{16037087-D489-4859-BB08-180728ADD12F}.Ad-Hoc|x64.Deploy.0 = Debug|x64
		{16037087-D489-4859-BB08-180728ADD12F}.Ad-Hoc|x86.ActiveCfg = Debug|x86
		{16037087-D489-4859-BB08-180728ADD12F}.Ad-Hoc|x86.Build.0 = Debug|x86
		{16037087-D489-4859-BB08-180728ADD12F}.Ad-Hoc|x86.Deploy.0 = Debug|x86
		{16037087-D489-4859-BB08-180728ADD12F}.AppStore|Any CPU.ActiveCfg = Debug|x86
		{16037087-D489-4859-BB08-180728ADD12F}.AppStore|Any CPU.Build.0 = Debug|x86
		{16037087-D489-4859-BB08-180728ADD12F}.AppStore|Any CPU.Deploy.0 = Debug|x86
		{16037087-D489-4859-BB08-180728ADD12F}.AppStore|ARM.ActiveCfg = Debug|ARM
		{16037087-D489-4859-BB08-180728ADD12F}.AppStore|ARM.Build.0 = Debug|ARM
		{16037087-D489-4859-BB08-180728ADD12F}.AppStore|ARM.Deploy.0 = Debug|ARM
		{16037087-D489-4859-BB08-180728ADD12F}.AppStore|ARM64.ActiveCfg = Debug|ARM64
		{16037087-D489-4859-BB08-180728ADD12F}.AppStore|ARM64.Build.0 = Debug|ARM64
		{16037087-D489-4859-BB08-180728ADD12F}.AppStore|ARM64.Deploy.0 = Debug|ARM64
		{16037087-D489-4859-BB08-180728ADD12F}.AppStore|iPhone.ActiveCfg = Debug|x86
		{16037087-D489-4859-BB08-180728ADD12F}.AppStore|iPhone.Build.0 = Debug|x86
		{16037087-D489-4859-BB08-180728ADD12F}.AppStore|iPhone.Deploy.0 = Debug|x86
		{16037087-D489-4859-BB08-180728ADD12F}.AppStore|iPhoneSimulator.ActiveCfg = Debug|x86
		{16037087-D489-4859-BB08-180728ADD12F}.AppStore|iPhoneSimulator.Build.0 = Debug|x86
		{16037087-D489-4859-BB08-180728ADD12F}.AppStore|iPhoneSimulator.Deploy.0 = Debug|x86
		{16037087-D489-4859-BB08-180728ADD12F}.AppStore|x64.ActiveCfg = Debug|x64
		{16037087-D489-4859-BB08-180728ADD12F}.AppStore|x64.Build.0 = Debug|x64
		{16037087-D489-4859-BB08-180728ADD12F}.AppStore|x64.Deploy.0 = Debug|x64
		{16037087-D489-4859-BB08-180728ADD12F}.AppStore|x86.ActiveCfg = Debug|x86
		{16037087-D489-4859-BB08-180728ADD12F}.AppStore|x86.Build.0 = Debug|x86
		{16037087-D489-4859-BB08-180728ADD12F}.AppStore|x86.Deploy.0 = Debug|x86
		{16037087-D489-4859-BB08-180728ADD12F}.Debug|Any CPU.ActiveCfg = Debug|x64
		{16037087-D489-4859-BB08-180728ADD12F}.Debug|Any CPU.Build.0 = Debug|x64
		{16037087-D489-4859-BB08-180728ADD12F}.Debug|Any CPU.Deploy.0 = Debug|x64
		{16037087-D489-4859-BB08-180728ADD12F}.Debug|ARM.ActiveCfg = Debug|ARM
		{16037087-D489-4859-BB08-180728ADD12F}.Debug|ARM.Build.0 = Debug|ARM
		{16037087-D489-4859-BB08-180728ADD12F}.Debug|ARM.Deploy.0 = Debug|ARM
		{16037087-D489-4859-BB08-180728ADD12F}.Debug|ARM64.ActiveCfg = Debug|ARM64
		{16037087-D489-4859-BB08-180728ADD12F}.Debug|ARM64.Build.0 = Debug|ARM64
		{16037087-D489-4859-BB08-180728ADD12F}.Debug|ARM64.Deploy.0 = Debug|ARM64
		{16037087-D489-4859-BB08-180728ADD12F}.Debug|iPhone.ActiveCfg = Debug|x64
		{16037087-D489-4859-BB08-180728ADD12F}.Debug|iPhone.Build.0 = Debug|x64
		{16037087-D489-4859-BB08-180728ADD12F}.Debug|iPhone.Deploy.0 = Debug|x64
		{16037087-D489-4859-BB08-180728ADD12F}.Debug|iPhoneSimulator.ActiveCfg = Debug|x64
		{16037087-D489-4859-BB08-180728ADD12F}.Debug|iPhoneSimulator.Build.0 = Debug|x64
		{16037087-D489-4859-BB08-180728ADD12F}.Debug|iPhoneSimulator.Deploy.0 = Debug|x64
		{16037087-D489-4859-BB08-180728ADD12F}.Debug|x64.ActiveCfg = Debug|x64
		{16037087-D489-4859-BB08-180728ADD12F}.Debug|x64.Build.0 = Debug|x64
		{16037087-D489-4859-BB08-180728ADD12F}.Debug|x64.Deploy.0 = Debug|x64
		{16037087-D489-4859-BB08-180728ADD12F}.Debug|x86.ActiveCfg = Debug|x86
		{16037087-D489-4859-BB08-180728ADD12F}.Debug|x86.Build.0 = Debug|x86
		{16037087-D489-4859-BB08-180728ADD12F}.Debug|x86.Deploy.0 = Debug|x86
		{16037087-D489-4859-BB08-180728ADD12F}.Release|Any CPU.ActiveCfg = Release|x64
		{16037087-D489-4859-BB08-180728ADD12F}.Release|Any CPU.Build.0 = Release|x64
		{16037087-D489-4859-BB08-180728ADD12F}.Release|Any CPU.Deploy.0 = Release|x64
		{16037087-D489-4859-BB08-180728ADD12F}.Release|ARM.ActiveCfg = Release|ARM
		{16037087-D489-4859-BB08-180728ADD12F}.Release|ARM.Build.0 = Release|ARM
		{16037087-D489-4859-BB08-180728ADD12F}.Release|ARM.Deploy.0 = Release|ARM
		{16037087-D489-4859-BB08-180728ADD12F}.Release|ARM64.ActiveCfg = Release|ARM64
		{16037087-D489-4859-BB08-180728ADD12F}.Release|ARM64.Build.0 = Release|ARM64
		{16037087-D489-4859-BB08-180728ADD12F}.Release|ARM64.Deploy.0 = Release|ARM64
		{16037087-D489-4859-BB08-180728ADD12F}.Release|iPhone.ActiveCfg = Release|x64
		{16037087-D489-4859-BB08-180728ADD12F}.Release|iPhone.Build.0 = Release|x64
		{16037087-D489-4859-BB08-180728ADD12F}.Release|iPhone.Deploy.0 = Release|x64
		{16037087-D489-4859-BB08-180728ADD12F}.Release|iPhoneSimulator.ActiveCfg = Release|x64
		{16037087-D489-4859-BB08-180728ADD12F}.Release|iPhoneSimulator.Build.0 = Release|x64
		{16037087-D489-4859-BB08-180728ADD12F}.Release|iPhoneSimulator.Deploy.0 = Release|x64
		{16037087-D489-4859-BB08-180728ADD12F}.Release|x64.ActiveCfg = Release|x64
		{16037087-D489-4859-BB08-180728ADD12F}.Release|x64.Build.0 = Release|x64
		{16037087-D489-4859-BB08-180728ADD12F}.Release|x64.Deploy.0 = Release|x64
		{16037087-D489-4859-BB08-180728ADD12F}.Release|x86.ActiveCfg = Release|x86
		{16037087-D489-4859-BB08-180728ADD12F}.Release|x86.Build.0 = Release|x86
		{16037087-D489-4859-BB08-180728ADD12F}.Release|x86.Deploy.0 = Release|x86
		{B127E836-648E-410C-A748-DE7D95D884EF}.Ad-Hoc|Any CPU.ActiveCfg = Debug|Any CPU
		{B127E836-648E-410C-A748-DE7D95D884EF}.Ad-Hoc|Any CPU.Build.0 = Debug|Any CPU
		{B127E836-648E-410C-A748-DE7D95D884EF}.Ad-Hoc|ARM.ActiveCfg = Debug|Any CPU
		{B127E836-648E-410C-A748-DE7D95D884EF}.Ad-Hoc|ARM.Build.0 = Debug|Any CPU
		{B127E836-648E-410C-A748-DE7D95D884EF}.Ad-Hoc|ARM64.ActiveCfg = Debug|Any CPU
		{B127E836-648E-410C-A748-DE7D95D884EF}.Ad-Hoc|ARM64.Build.0 = Debug|Any CPU
		{B127E836-648E-410C-A748-DE7D95D884EF}.Ad-Hoc|iPhone.ActiveCfg = Debug|Any CPU
		{B127E836-648E-410C-A748-DE7D95D884EF}.Ad-Hoc|iPhone.Build.0 = Debug|Any CPU
		{B127E836-648E-410C-A748-DE7D95D884EF}.Ad-Hoc|iPhoneSimulator.ActiveCfg = Debug|Any CPU
		{B127E836-648E-410C-A748-DE7D95D884EF}.Ad-Hoc|iPhoneSimulator.Build.0 = Debug|Any CPU
		{B127E836-648E-410C-A748-DE7D95D884EF}.Ad-Hoc|x64.ActiveCfg = Debug|Any CPU
		{B127E836-648E-410C-A748-DE7D95D884EF}.Ad-Hoc|x64.Build.0 = Debug|Any CPU
		{B127E836-648E-410C-A748-DE7D95D884EF}.Ad-Hoc|x86.ActiveCfg = Debug|Any CPU
		{B127E836-648E-410C-A748-DE7D95D884EF}.Ad-Hoc|x86.Build.0 = Debug|Any CPU
		{B127E836-648E-410C-A748-DE7D95D884EF}.AppStore|Any CPU.ActiveCfg = Debug|Any CPU
		{B127E836-648E-410C-A748-DE7D95D884EF}.AppStore|Any CPU.Build.0 = Debug|Any CPU
		{B127E836-648E-410C-A748-DE7D95D884EF}.AppStore|ARM.ActiveCfg = Debug|Any CPU
		{B127E836-648E-410C-A748-DE7D95D884EF}.AppStore|ARM.Build.0 = Debug|Any CPU
		{B127E836-648E-410C-A748-DE7D95D884EF}.AppStore|ARM64.ActiveCfg = Debug|Any CPU
		{B127E836-648E-410C-A748-DE7D95D884EF}.AppStore|ARM64.Build.0 = Debug|Any CPU
		{B127E836-648E-410C-A748-DE7D95D884EF}.AppStore|iPhone.ActiveCfg = Debug|Any CPU
		{B127E836-648E-410C-A748-DE7D95D884EF}.AppStore|iPhone.Build.0 = Debug|Any CPU
		{B127E836-648E-410C-A748-DE7D95D884EF}.AppStore|iPhoneSimulator.ActiveCfg = Debug|Any CPU
		{B127E836-648E-410C-A748-DE7D95D884EF}.AppStore|iPhoneSimulator.Build.0 = Debug|Any CPU
		{B127E836-648E-410C-A748-DE7D95D884EF}.AppStore|x64.ActiveCfg = Debug|Any CPU
		{B127E836-648E-410C-A748-DE7D95D884EF}.AppStore|x64.Build.0 = Debug|Any CPU
		{B127E836-648E-410C-A748-DE7D95D884EF}.AppStore|x86.ActiveCfg = Debug|Any CPU
		{B127E836-648E-410C-A748-DE7D95D884EF}.AppStore|x86.Build.0 = Debug|Any CPU
		{B127E836-648E-410C-A748-DE7D95D884EF}.Debug|Any CPU.ActiveCfg = Debug|Any CPU
		{B127E836-648E-410C-A748-DE7D95D884EF}.Debug|Any CPU.Build.0 = Debug|Any CPU
		{B127E836-648E-410C-A748-DE7D95D884EF}.Debug|ARM.ActiveCfg = Debug|Any CPU
		{B127E836-648E-410C-A748-DE7D95D884EF}.Debug|ARM.Build.0 = Debug|Any CPU
		{B127E836-648E-410C-A748-DE7D95D884EF}.Debug|ARM64.ActiveCfg = Debug|Any CPU
		{B127E836-648E-410C-A748-DE7D95D884EF}.Debug|ARM64.Build.0 = Debug|Any CPU
		{B127E836-648E-410C-A748-DE7D95D884EF}.Debug|iPhone.ActiveCfg = Debug|Any CPU
		{B127E836-648E-410C-A748-DE7D95D884EF}.Debug|iPhone.Build.0 = Debug|Any CPU
		{B127E836-648E-410C-A748-DE7D95D884EF}.Debug|iPhoneSimulator.ActiveCfg = Debug|Any CPU
		{B127E836-648E-410C-A748-DE7D95D884EF}.Debug|iPhoneSimulator.Build.0 = Debug|Any CPU
		{B127E836-648E-410C-A748-DE7D95D884EF}.Debug|x64.ActiveCfg = Debug|Any CPU
		{B127E836-648E-410C-A748-DE7D95D884EF}.Debug|x64.Build.0 = Debug|Any CPU
		{B127E836-648E-410C-A748-DE7D95D884EF}.Debug|x86.ActiveCfg = Debug|Any CPU
		{B127E836-648E-410C-A748-DE7D95D884EF}.Debug|x86.Build.0 = Debug|Any CPU
		{B127E836-648E-410C-A748-DE7D95D884EF}.Release|Any CPU.ActiveCfg = Release|Any CPU
		{B127E836-648E-410C-A748-DE7D95D884EF}.Release|Any CPU.Build.0 = Release|Any CPU
		{B127E836-648E-410C-A748-DE7D95D884EF}.Release|ARM.ActiveCfg = Release|Any CPU
		{B127E836-648E-410C-A748-DE7D95D884EF}.Release|ARM.Build.0 = Release|Any CPU
		{B127E836-648E-410C-A748-DE7D95D884EF}.Release|ARM64.ActiveCfg = Release|Any CPU
		{B127E836-648E-410C-A748-DE7D95D884EF}.Release|ARM64.Build.0 = Release|Any CPU
		{B127E836-648E-410C-A748-DE7D95D884EF}.Release|iPhone.ActiveCfg = Release|Any CPU
		{B127E836-648E-410C-A748-DE7D95D884EF}.Release|iPhone.Build.0 = Release|Any CPU
		{B127E836-648E-410C-A748-DE7D95D884EF}.Release|iPhoneSimulator.ActiveCfg = Release|Any CPU
		{B127E836-648E-410C-A748-DE7D95D884EF}.Release|iPhoneSimulator.Build.0 = Release|Any CPU
		{B127E836-648E-410C-A748-DE7D95D884EF}.Release|x64.ActiveCfg = Release|Any CPU
		{B127E836-648E-410C-A748-DE7D95D884EF}.Release|x64.Build.0 = Release|Any CPU
		{B127E836-648E-410C-A748-DE7D95D884EF}.Release|x86.ActiveCfg = Release|Any CPU
		{B127E836-648E-410C-A748-DE7D95D884EF}.Release|x86.Build.0 = Release|Any CPU
	EndGlobalSection
	GlobalSection(SolutionProperties) = preSolution
		HideSolutionNode = FALSE
	EndGlobalSection
	GlobalSection(NestedProjects) = preSolution
		{16037087-D489-4859-BB08-180728ADD12F} = {99403ACC-540B-47E9-8157-4E4573DF89D0}
		{B127E836-648E-410C-A748-DE7D95D884EF} = {99403ACC-540B-47E9-8157-4E4573DF89D0}
	EndGlobalSection
	GlobalSection(ExtensibilityGlobals) = postSolution
		SolutionGuid = {2F5D9951-0221-4C6C-8852-050B3A143066}
	EndGlobalSection
EndGlobal
